
Microsoft Visual Studio Solution File, Format Version 12.00
# Visual Studio Version 17
VisualStudioVersion = 17.6.33815.320
MinimumVisualStudioVersion = 10.0.40219.1
Project("{FAE04EC0-301F-11D3-BF4B-00C04F79EFBC}") = "NZWalksAPI", "NZWalksAPI\NZWalksAPI.csproj", "{37E70A75-45BC-4676-A28B-472B06F73A70}"
EndProject
Global
	GlobalSection(SolutionConfigurationPlatforms) = preSolution
		Debug|Any CPU = Debug|Any CPU
		Release|Any CPU = Release|Any CPU
	EndGlobalSection
	GlobalSection(ProjectConfigurationPlatforms) = postSolution
		{37E70A75-45BC-4676-A28B-472B06F73A70}.Debug|Any CPU.ActiveCfg = Debug|Any CPU
		{37E70A75-45BC-4676-A28B-472B06F73A70}.Debug|Any CPU.Build.0 = Debug|Any CPU
		{37E70A75-45BC-4676-A28B-472B06F73A70}.Release|Any CPU.ActiveCfg = Release|Any CPU
		{37E70A75-45BC-4676-A28B-472B06F73A70}.Release|Any CPU.Build.0 = Release|Any CPU
	EndGlobalSection
	GlobalSection(SolutionProperties) = preSolution
		HideSolutionNode = FALSE
	EndGlobalSection
	GlobalSection(ExtensibilityGlobals) = postSolution
		SolutionGuid = {19D2C4BF-A8C1-4EC4-951E-017AE9AADB05}
	EndGlobalSection
EndGlobal
